// !$*UTF8*$!
{
	archiveVersion = 1;
	classes = {
	};
	objectVersion = 55;
	objects = {

/* Begin PBXBuildFile section */
		0F6A75E828C8CF6F00FCA810 /* main.swift in Sources */ = {isa = PBXBuildFile; fileRef = 0F6A75E728C8CF6F00FCA810 /* main.swift */; };
		0F6A75EF28C8D2E900FCA810 /* ConsoleIO.swift in Sources */ = {isa = PBXBuildFile; fileRef = 0F6A75EE28C8D2E900FCA810 /* ConsoleIO.swift */; };
		0F6A75F228C8D43E00FCA810 /* Xgen.swift in Sources */ = {isa = PBXBuildFile; fileRef = 0F6A75F128C8D43E00FCA810 /* Xgen.swift */; };
		0F6A75F528CA0ED500FCA810 /* CommandLine+extensions.swift in Sources */ = {isa = PBXBuildFile; fileRef = 0F6A75F428CA0ED500FCA810 /* CommandLine+extensions.swift */; };
		0F6A75F828CA0EF400FCA810 /* Parameters.swift in Sources */ = {isa = PBXBuildFile; fileRef = 0F6A75F728CA0EF400FCA810 /* Parameters.swift */; };
		0F6A75FB28CA141200FCA810 /* PodManager.swift in Sources */ = {isa = PBXBuildFile; fileRef = 0F6A75FA28CA141200FCA810 /* PodManager.swift */; };
		0F6A75FD28CA1BFB00FCA810 /* String+extensions.swift in Sources */ = {isa = PBXBuildFile; fileRef = 0F6A75FC28CA1BFB00FCA810 /* String+extensions.swift */; };
		0F6A75FF28CA296700FCA810 /* Shell.swift in Sources */ = {isa = PBXBuildFile; fileRef = 0F6A75FE28CA296700FCA810 /* Shell.swift */; };
		0F6A760228CA2C9D00FCA810 /* Commands.swift in Sources */ = {isa = PBXBuildFile; fileRef = 0F6A760128CA2C9D00FCA810 /* Commands.swift */; };
		0F6A760528CB67B800FCA810 /* FilesContent.swift in Sources */ = {isa = PBXBuildFile; fileRef = 0F6A760428CB67B800FCA810 /* FilesContent.swift */; };
		0F6A760F28CB799500FCA810 /* CleanProject.swift in Sources */ = {isa = PBXBuildFile; fileRef = 0F6A760E28CB799500FCA810 /* CleanProject.swift */; };
		0F6A761128CB7A9E00FCA810 /* Postgen.swift in Sources */ = {isa = PBXBuildFile; fileRef = 0F6A761028CB7A9E00FCA810 /* Postgen.swift */; };
		0F6A761328CB7D3B00FCA810 /* Xcodeversion.swift in Sources */ = {isa = PBXBuildFile; fileRef = 0F6A761228CB7D3B00FCA810 /* Xcodeversion.swift */; };
		0F6A761528CB812000FCA810 /* ProjectYML.swift in Sources */ = {isa = PBXBuildFile; fileRef = 0F6A761428CB812000FCA810 /* ProjectYML.swift */; };
		0F6A761728CB817700FCA810 /* Readme.swift in Sources */ = {isa = PBXBuildFile; fileRef = 0F6A761628CB817700FCA810 /* Readme.swift */; };
		0F6A761928CB819300FCA810 /* Makefile.swift in Sources */ = {isa = PBXBuildFile; fileRef = 0F6A761828CB819300FCA810 /* Makefile.swift */; };
		0F6A761B28CB81A800FCA810 /* CodeOwners.swift in Sources */ = {isa = PBXBuildFile; fileRef = 0F6A761A28CB81A800FCA810 /* CodeOwners.swift */; };
		0F6A761D28CB81BC00FCA810 /* License.swift in Sources */ = {isa = PBXBuildFile; fileRef = 0F6A761C28CB81BC00FCA810 /* License.swift */; };
		0F6A761F28CB81D200FCA810 /* Podfile.swift in Sources */ = {isa = PBXBuildFile; fileRef = 0F6A761E28CB81D200FCA810 /* Podfile.swift */; };
		0F6A762128CB81E300FCA810 /* Podspec.swift in Sources */ = {isa = PBXBuildFile; fileRef = 0F6A762028CB81E300FCA810 /* Podspec.swift */; };
		0F6A762328CB887700FCA810 /* Date+extensions.swift in Sources */ = {isa = PBXBuildFile; fileRef = 0F6A762228CB887700FCA810 /* Date+extensions.swift */; };
/* End PBXBuildFile section */

/* Begin PBXFileReference section */
		0F6A75E428C8CF6F00FCA810 /* Xgen */ = {isa = PBXFileReference; explicitFileType = "compiled.mach-o.executable"; includeInIndex = 0; path = Xgen; sourceTree = BUILT_PRODUCTS_DIR; };
		0F6A75E728C8CF6F00FCA810 /* main.swift */ = {isa = PBXFileReference; lastKnownFileType = sourcecode.swift; path = main.swift; sourceTree = "<group>"; };
		0F6A75EE28C8D2E900FCA810 /* ConsoleIO.swift */ = {isa = PBXFileReference; lastKnownFileType = sourcecode.swift; path = ConsoleIO.swift; sourceTree = "<group>"; };
		0F6A75F128C8D43E00FCA810 /* Xgen.swift */ = {isa = PBXFileReference; lastKnownFileType = sourcecode.swift; path = Xgen.swift; sourceTree = "<group>"; };
		0F6A75F428CA0ED500FCA810 /* CommandLine+extensions.swift */ = {isa = PBXFileReference; lastKnownFileType = sourcecode.swift; path = "CommandLine+extensions.swift"; sourceTree = "<group>"; };
		0F6A75F728CA0EF400FCA810 /* Parameters.swift */ = {isa = PBXFileReference; lastKnownFileType = sourcecode.swift; path = Parameters.swift; sourceTree = "<group>"; };
		0F6A75FA28CA141200FCA810 /* PodManager.swift */ = {isa = PBXFileReference; lastKnownFileType = sourcecode.swift; path = PodManager.swift; sourceTree = "<group>"; };
		0F6A75FC28CA1BFB00FCA810 /* String+extensions.swift */ = {isa = PBXFileReference; lastKnownFileType = sourcecode.swift; path = "String+extensions.swift"; sourceTree = "<group>"; };
		0F6A75FE28CA296700FCA810 /* Shell.swift */ = {isa = PBXFileReference; lastKnownFileType = sourcecode.swift; path = Shell.swift; sourceTree = "<group>"; };
		0F6A760128CA2C9D00FCA810 /* Commands.swift */ = {isa = PBXFileReference; lastKnownFileType = sourcecode.swift; path = Commands.swift; sourceTree = "<group>"; };
		0F6A760428CB67B800FCA810 /* FilesContent.swift */ = {isa = PBXFileReference; lastKnownFileType = sourcecode.swift; path = FilesContent.swift; sourceTree = "<group>"; };
		0F6A760E28CB799500FCA810 /* CleanProject.swift */ = {isa = PBXFileReference; lastKnownFileType = sourcecode.swift; path = CleanProject.swift; sourceTree = "<group>"; };
		0F6A761028CB7A9E00FCA810 /* Postgen.swift */ = {isa = PBXFileReference; lastKnownFileType = sourcecode.swift; path = Postgen.swift; sourceTree = "<group>"; };
		0F6A761228CB7D3B00FCA810 /* Xcodeversion.swift */ = {isa = PBXFileReference; lastKnownFileType = sourcecode.swift; path = Xcodeversion.swift; sourceTree = "<group>"; };
		0F6A761428CB812000FCA810 /* ProjectYML.swift */ = {isa = PBXFileReference; lastKnownFileType = sourcecode.swift; path = ProjectYML.swift; sourceTree = "<group>"; };
		0F6A761628CB817700FCA810 /* Readme.swift */ = {isa = PBXFileReference; lastKnownFileType = sourcecode.swift; path = Readme.swift; sourceTree = "<group>"; };
		0F6A761828CB819300FCA810 /* Makefile.swift */ = {isa = PBXFileReference; lastKnownFileType = sourcecode.swift; path = Makefile.swift; sourceTree = "<group>"; };
		0F6A761A28CB81A800FCA810 /* CodeOwners.swift */ = {isa = PBXFileReference; lastKnownFileType = sourcecode.swift; path = CodeOwners.swift; sourceTree = "<group>"; };
		0F6A761C28CB81BC00FCA810 /* License.swift */ = {isa = PBXFileReference; lastKnownFileType = sourcecode.swift; path = License.swift; sourceTree = "<group>"; };
		0F6A761E28CB81D200FCA810 /* Podfile.swift */ = {isa = PBXFileReference; lastKnownFileType = sourcecode.swift; path = Podfile.swift; sourceTree = "<group>"; };
		0F6A762028CB81E300FCA810 /* Podspec.swift */ = {isa = PBXFileReference; lastKnownFileType = sourcecode.swift; path = Podspec.swift; sourceTree = "<group>"; };
		0F6A762228CB887700FCA810 /* Date+extensions.swift */ = {isa = PBXFileReference; lastKnownFileType = sourcecode.swift; path = "Date+extensions.swift"; sourceTree = "<group>"; };
/* End PBXFileReference section */

/* Begin PBXFrameworksBuildPhase section */
		0F6A75E128C8CF6F00FCA810 /* Frameworks */ = {
			isa = PBXFrameworksBuildPhase;
			buildActionMask = 2147483647;
			files = (
			);
			runOnlyForDeploymentPostprocessing = 0;
		};
/* End PBXFrameworksBuildPhase section */

/* Begin PBXGroup section */
		0F6A75DB28C8CF6F00FCA810 = {
			isa = PBXGroup;
			children = (
				0F6A75E628C8CF6F00FCA810 /* Xgen */,
				0F6A75E528C8CF6F00FCA810 /* Products */,
			);
			sourceTree = "<group>";
		};
		0F6A75E528C8CF6F00FCA810 /* Products */ = {
			isa = PBXGroup;
			children = (
				0F6A75E428C8CF6F00FCA810 /* Xgen */,
			);
			name = Products;
			sourceTree = "<group>";
		};
		0F6A75E628C8CF6F00FCA810 /* Xgen */ = {
			isa = PBXGroup;
			children = (
				0F6A760628CB738100FCA810 /* Files */,
				0F6A760028CA2C9700FCA810 /* Enums */,
				0F6A75F928CA140500FCA810 /* Manager */,
				0F6A75F628CA0EEB00FCA810 /* Models */,
				0F6A75F328CA0EC700FCA810 /* Extensions */,
				0F6A75E728C8CF6F00FCA810 /* main.swift */,
				0F6A75F028C8D2EE00FCA810 /* Helpers */,
				0F6A75F128C8D43E00FCA810 /* Xgen.swift */,
			);
			path = Xgen;
			sourceTree = "<group>";
		};
		0F6A75F028C8D2EE00FCA810 /* Helpers */ = {
			isa = PBXGroup;
			children = (
				0F6A75EE28C8D2E900FCA810 /* ConsoleIO.swift */,
				0F6A75FE28CA296700FCA810 /* Shell.swift */,
			);
			path = Helpers;
			sourceTree = "<group>";
		};
		0F6A75F328CA0EC700FCA810 /* Extensions */ = {
			isa = PBXGroup;
			children = (
				0F6A75F428CA0ED500FCA810 /* CommandLine+extensions.swift */,
				0F6A75FC28CA1BFB00FCA810 /* String+extensions.swift */,
				0F6A762228CB887700FCA810 /* Date+extensions.swift */,
			);
			path = Extensions;
			sourceTree = "<group>";
		};
		0F6A75F628CA0EEB00FCA810 /* Models */ = {
			isa = PBXGroup;
			children = (
				0F6A75F728CA0EF400FCA810 /* Parameters.swift */,
			);
			path = Models;
			sourceTree = "<group>";
		};
		0F6A75F928CA140500FCA810 /* Manager */ = {
			isa = PBXGroup;
			children = (
				0F6A75FA28CA141200FCA810 /* PodManager.swift */,
			);
			path = Manager;
			sourceTree = "<group>";
		};
		0F6A760028CA2C9700FCA810 /* Enums */ = {
			isa = PBXGroup;
			children = (
				0F6A760128CA2C9D00FCA810 /* Commands.swift */,
				0F6A760428CB67B800FCA810 /* FilesContent.swift */,
			);
			path = Enums;
			sourceTree = "<group>";
		};
		0F6A760628CB738100FCA810 /* Files */ = {
			isa = PBXGroup;
			children = (
				0F6A760728CB738A00FCA810 /* Scripts */,
			);
			path = Files;
			sourceTree = "<group>";
		};
		0F6A760728CB738A00FCA810 /* Scripts */ = {
			isa = PBXGroup;
			children = (
				0F6A760E28CB799500FCA810 /* CleanProject.swift */,
				0F6A761028CB7A9E00FCA810 /* Postgen.swift */,
				0F6A761228CB7D3B00FCA810 /* Xcodeversion.swift */,
				0F6A761428CB812000FCA810 /* ProjectYML.swift */,
				0F6A761628CB817700FCA810 /* Readme.swift */,
				0F6A761828CB819300FCA810 /* Makefile.swift */,
				0F6A761A28CB81A800FCA810 /* CodeOwners.swift */,
				0F6A761C28CB81BC00FCA810 /* License.swift */,
				0F6A761E28CB81D200FCA810 /* Podfile.swift */,
				0F6A762028CB81E300FCA810 /* Podspec.swift */,
			);
			path = Scripts;
			sourceTree = "<group>";
		};
/* End PBXGroup section */

/* Begin PBXNativeTarget section */
		0F6A75E328C8CF6F00FCA810 /* Xgen */ = {
			isa = PBXNativeTarget;
			buildConfigurationList = 0F6A75EB28C8CF6F00FCA810 /* Build configuration list for PBXNativeTarget "Xgen" */;
			buildPhases = (
				0F6A75E028C8CF6F00FCA810 /* Sources */,
				0F6A75E128C8CF6F00FCA810 /* Frameworks */,
			);
			buildRules = (
			);
			dependencies = (
			);
			name = Xgen;
			productName = Xgen;
			productReference = 0F6A75E428C8CF6F00FCA810 /* Xgen */;
			productType = "com.apple.product-type.tool";
		};
/* End PBXNativeTarget section */

/* Begin PBXProject section */
		0F6A75DC28C8CF6F00FCA810 /* Project object */ = {
			isa = PBXProject;
			attributes = {
				BuildIndependentTargetsInParallel = 1;
				LastSwiftUpdateCheck = 1340;
				LastUpgradeCheck = 1340;
				TargetAttributes = {
					0F6A75E328C8CF6F00FCA810 = {
						CreatedOnToolsVersion = 13.4.1;
					};
				};
			};
			buildConfigurationList = 0F6A75DF28C8CF6F00FCA810 /* Build configuration list for PBXProject "Xgen" */;
			compatibilityVersion = "Xcode 13.0";
			developmentRegion = en;
			hasScannedForEncodings = 0;
			knownRegions = (
				en,
				Base,
			);
			mainGroup = 0F6A75DB28C8CF6F00FCA810;
			productRefGroup = 0F6A75E528C8CF6F00FCA810 /* Products */;
			projectDirPath = "";
			projectRoot = "";
			targets = (
				0F6A75E328C8CF6F00FCA810 /* Xgen */,
			);
		};
/* End PBXProject section */

/* Begin PBXSourcesBuildPhase section */
		0F6A75E028C8CF6F00FCA810 /* Sources */ = {
			isa = PBXSourcesBuildPhase;
			buildActionMask = 2147483647;
			files = (
				0F6A75F828CA0EF400FCA810 /* Parameters.swift in Sources */,
				0F6A760F28CB799500FCA810 /* CleanProject.swift in Sources */,
				0F6A762128CB81E300FCA810 /* Podspec.swift in Sources */,
				0F6A761528CB812000FCA810 /* ProjectYML.swift in Sources */,
				0F6A761328CB7D3B00FCA810 /* Xcodeversion.swift in Sources */,
				0F6A761B28CB81A800FCA810 /* CodeOwners.swift in Sources */,
				0F6A760528CB67B800FCA810 /* FilesContent.swift in Sources */,
				0F6A760228CA2C9D00FCA810 /* Commands.swift in Sources */,
				0F6A761128CB7A9E00FCA810 /* Postgen.swift in Sources */,
				0F6A761F28CB81D200FCA810 /* Podfile.swift in Sources */,
				0F6A761928CB819300FCA810 /* Makefile.swift in Sources */,
				0F6A75FD28CA1BFB00FCA810 /* String+extensions.swift in Sources */,
				0F6A75FB28CA141200FCA810 /* PodManager.swift in Sources */,
				0F6A75F228C8D43E00FCA810 /* Xgen.swift in Sources */,
				0F6A761728CB817700FCA810 /* Readme.swift in Sources */,
				0F6A75F528CA0ED500FCA810 /* CommandLine+extensions.swift in Sources */,
				0F6A75E828C8CF6F00FCA810 /* main.swift in Sources */,
				0F6A75FF28CA296700FCA810 /* Shell.swift in Sources */,
				0F6A762328CB887700FCA810 /* Date+extensions.swift in Sources */,
				0F6A75EF28C8D2E900FCA810 /* ConsoleIO.swift in Sources */,
				0F6A761D28CB81BC00FCA810 /* License.swift in Sources */,
			);
			runOnlyForDeploymentPostprocessing = 0;
		};
/* End PBXSourcesBuildPhase section */

/* Begin XCBuildConfiguration section */
		0F6A75E928C8CF6F00FCA810 /* Debug */ = {
			isa = XCBuildConfiguration;
			buildSettings = {
				ALWAYS_SEARCH_USER_PATHS = NO;
				CLANG_ANALYZER_NONNULL = YES;
				CLANG_ANALYZER_NUMBER_OBJECT_CONVERSION = YES_AGGRESSIVE;
				CLANG_CXX_LANGUAGE_STANDARD = "gnu++17";
				CLANG_ENABLE_MODULES = YES;
				CLANG_ENABLE_OBJC_ARC = YES;
				CLANG_ENABLE_OBJC_WEAK = YES;
				CLANG_WARN_BLOCK_CAPTURE_AUTORELEASING = YES;
				CLANG_WARN_BOOL_CONVERSION = YES;
				CLANG_WARN_COMMA = YES;
				CLANG_WARN_CONSTANT_CONVERSION = YES;
				CLANG_WARN_DEPRECATED_OBJC_IMPLEMENTATIONS = YES;
				CLANG_WARN_DIRECT_OBJC_ISA_USAGE = YES_ERROR;
				CLANG_WARN_DOCUMENTATION_COMMENTS = YES;
				CLANG_WARN_EMPTY_BODY = YES;
				CLANG_WARN_ENUM_CONVERSION = YES;
				CLANG_WARN_INFINITE_RECURSION = YES;
				CLANG_WARN_INT_CONVERSION = YES;
				CLANG_WARN_NON_LITERAL_NULL_CONVERSION = YES;
				CLANG_WARN_OBJC_IMPLICIT_RETAIN_SELF = YES;
				CLANG_WARN_OBJC_LITERAL_CONVERSION = YES;
				CLANG_WARN_OBJC_ROOT_CLASS = YES_ERROR;
				CLANG_WARN_QUOTED_INCLUDE_IN_FRAMEWORK_HEADER = YES;
				CLANG_WARN_RANGE_LOOP_ANALYSIS = YES;
				CLANG_WARN_STRICT_PROTOTYPES = YES;
				CLANG_WARN_SUSPICIOUS_MOVE = YES;
				CLANG_WARN_UNGUARDED_AVAILABILITY = YES_AGGRESSIVE;
				CLANG_WARN_UNREACHABLE_CODE = YES;
				CLANG_WARN__DUPLICATE_METHOD_MATCH = YES;
				COPY_PHASE_STRIP = NO;
				DEBUG_INFORMATION_FORMAT = dwarf;
				ENABLE_STRICT_OBJC_MSGSEND = YES;
				ENABLE_TESTABILITY = YES;
				GCC_C_LANGUAGE_STANDARD = gnu11;
				GCC_DYNAMIC_NO_PIC = NO;
				GCC_NO_COMMON_BLOCKS = YES;
				GCC_OPTIMIZATION_LEVEL = 0;
				GCC_PREPROCESSOR_DEFINITIONS = (
					"DEBUG=1",
					"$(inherited)",
				);
				GCC_WARN_64_TO_32_BIT_CONVERSION = YES;
				GCC_WARN_ABOUT_RETURN_TYPE = YES_ERROR;
				GCC_WARN_UNDECLARED_SELECTOR = YES;
				GCC_WARN_UNINITIALIZED_AUTOS = YES_AGGRESSIVE;
				GCC_WARN_UNUSED_FUNCTION = YES;
				GCC_WARN_UNUSED_VARIABLE = YES;
				MACOSX_DEPLOYMENT_TARGET = 12.3;
				MTL_ENABLE_DEBUG_INFO = INCLUDE_SOURCE;
				MTL_FAST_MATH = YES;
				ONLY_ACTIVE_ARCH = YES;
				SDKROOT = macosx;
				SWIFT_ACTIVE_COMPILATION_CONDITIONS = DEBUG;
				SWIFT_OPTIMIZATION_LEVEL = "-Onone";
			};
			name = Debug;
		};
		0F6A75EA28C8CF6F00FCA810 /* Release */ = {
			isa = XCBuildConfiguration;
			buildSettings = {
				ALWAYS_SEARCH_USER_PATHS = NO;
				CLANG_ANALYZER_NONNULL = YES;
				CLANG_ANALYZER_NUMBER_OBJECT_CONVERSION = YES_AGGRESSIVE;
				CLANG_CXX_LANGUAGE_STANDARD = "gnu++17";
				CLANG_ENABLE_MODULES = YES;
				CLANG_ENABLE_OBJC_ARC = YES;
				CLANG_ENABLE_OBJC_WEAK = YES;
				CLANG_WARN_BLOCK_CAPTURE_AUTORELEASING = YES;
				CLANG_WARN_BOOL_CONVERSION = YES;
				CLANG_WARN_COMMA = YES;
				CLANG_WARN_CONSTANT_CONVERSION = YES;
				CLANG_WARN_DEPRECATED_OBJC_IMPLEMENTATIONS = YES;
				CLANG_WARN_DIRECT_OBJC_ISA_USAGE = YES_ERROR;
				CLANG_WARN_DOCUMENTATION_COMMENTS = YES;
				CLANG_WARN_EMPTY_BODY = YES;
				CLANG_WARN_ENUM_CONVERSION = YES;
				CLANG_WARN_INFINITE_RECURSION = YES;
				CLANG_WARN_INT_CONVERSION = YES;
				CLANG_WARN_NON_LITERAL_NULL_CONVERSION = YES;
				CLANG_WARN_OBJC_IMPLICIT_RETAIN_SELF = YES;
				CLANG_WARN_OBJC_LITERAL_CONVERSION = YES;
				CLANG_WARN_OBJC_ROOT_CLASS = YES_ERROR;
				CLANG_WARN_QUOTED_INCLUDE_IN_FRAMEWORK_HEADER = YES;
				CLANG_WARN_RANGE_LOOP_ANALYSIS = YES;
				CLANG_WARN_STRICT_PROTOTYPES = YES;
				CLANG_WARN_SUSPICIOUS_MOVE = YES;
				CLANG_WARN_UNGUARDED_AVAILABILITY = YES_AGGRESSIVE;
				CLANG_WARN_UNREACHABLE_CODE = YES;
				CLANG_WARN__DUPLICATE_METHOD_MATCH = YES;
				COPY_PHASE_STRIP = NO;
				DEBUG_INFORMATION_FORMAT = "dwarf-with-dsym";
				ENABLE_NS_ASSERTIONS = NO;
				ENABLE_STRICT_OBJC_MSGSEND = YES;
				GCC_C_LANGUAGE_STANDARD = gnu11;
				GCC_NO_COMMON_BLOCKS = YES;
				GCC_WARN_64_TO_32_BIT_CONVERSION = YES;
				GCC_WARN_ABOUT_RETURN_TYPE = YES_ERROR;
				GCC_WARN_UNDECLARED_SELECTOR = YES;
				GCC_WARN_UNINITIALIZED_AUTOS = YES_AGGRESSIVE;
				GCC_WARN_UNUSED_FUNCTION = YES;
				GCC_WARN_UNUSED_VARIABLE = YES;
				MACOSX_DEPLOYMENT_TARGET = 12.3;
				MTL_ENABLE_DEBUG_INFO = NO;
				MTL_FAST_MATH = YES;
				SDKROOT = macosx;
				SWIFT_COMPILATION_MODE = wholemodule;
				SWIFT_OPTIMIZATION_LEVEL = "-O";
			};
			name = Release;
		};
		0F6A75EC28C8CF6F00FCA810 /* Debug */ = {
			isa = XCBuildConfiguration;
			buildSettings = {
				CODE_SIGN_STYLE = Automatic;
				PRODUCT_NAME = "$(TARGET_NAME)";
				SWIFT_VERSION = 5.0;
			};
			name = Debug;
		};
		0F6A75ED28C8CF6F00FCA810 /* Release */ = {
			isa = XCBuildConfiguration;
			buildSettings = {
				CODE_SIGN_STYLE = Automatic;
				PRODUCT_NAME = "$(TARGET_NAME)";
				SWIFT_VERSION = 5.0;
			};
			name = Release;
		};
/* End XCBuildConfiguration section */

/* Begin XCConfigurationList section */
		0F6A75DF28C8CF6F00FCA810 /* Build configuration list for PBXProject "Xgen" */ = {
			isa = XCConfigurationList;
			buildConfigurations = (
				0F6A75E928C8CF6F00FCA810 /* Debug */,
				0F6A75EA28C8CF6F00FCA810 /* Release */,
			);
			defaultConfigurationIsVisible = 0;
			defaultConfigurationName = Release;
		};
		0F6A75EB28C8CF6F00FCA810 /* Build configuration list for PBXNativeTarget "Xgen" */ = {
			isa = XCConfigurationList;
			buildConfigurations = (
				0F6A75EC28C8CF6F00FCA810 /* Debug */,
				0F6A75ED28C8CF6F00FCA810 /* Release */,
			);
			defaultConfigurationIsVisible = 0;
			defaultConfigurationName = Release;
		};
/* End XCConfigurationList section */
	};
	rootObject = 0F6A75DC28C8CF6F00FCA810 /* Project object */;
}
